
Microsoft Visual Studio Solution File, Format Version 12.00
# Visual Studio Version 16
VisualStudioVersion = 16.0.30611.23
MinimumVisualStudioVersion = 10.0.40219.1
Project("{9A19103F-16F7-4668-BE54-9A1E7A4F7556}") = "BusinessLayer", "BusinessLayer\BusinessLayer.csproj", "{BA613D1B-0638-480B-8437-D83CA844DD75}"
EndProject
Project("{9A19103F-16F7-4668-BE54-9A1E7A4F7556}") = "BusinessLayerTests", "BusinessLayerTests\BusinessLayerTests.csproj", "{EE336FC1-A766-41FF-8F15-BCCB39843B90}"
EndProject
Project("{9A19103F-16F7-4668-BE54-9A1E7A4F7556}") = "KlantBestellingen.WPF", "KlantBestellingen.WPF\KlantBestellingen.WPF.csproj", "{DA3329C3-955A-474B-9EAA-E1B33DA00A9E}"
EndProject
Project("{FAE04EC0-301F-11D3-BF4B-00C04F79EFBC}") = "EntityFrameworkRepository", "EntityFrameworkRepository\EntityFrameworkRepository.csproj", "{C75BB39B-7433-43A2-990F-E034DC1565FD}"
EndProject
Global
	GlobalSection(SolutionConfigurationPlatforms) = preSolution
		Debug|Any CPU = Debug|Any CPU
		Release|Any CPU = Release|Any CPU
	EndGlobalSection
	GlobalSection(ProjectConfigurationPlatforms) = postSolution
		{BA613D1B-0638-480B-8437-D83CA844DD75}.Debug|Any CPU.ActiveCfg = Debug|Any CPU
		{BA613D1B-0638-480B-8437-D83CA844DD75}.Debug|Any CPU.Build.0 = Debug|Any CPU
		{BA613D1B-0638-480B-8437-D83CA844DD75}.Release|Any CPU.ActiveCfg = Release|Any CPU
		{BA613D1B-0638-480B-8437-D83CA844DD75}.Release|Any CPU.Build.0 = Release|Any CPU
		{EE336FC1-A766-41FF-8F15-BCCB39843B90}.Debug|Any CPU.ActiveCfg = Debug|Any CPU
		{EE336FC1-A766-41FF-8F15-BCCB39843B90}.Debug|Any CPU.Build.0 = Debug|Any CPU
		{EE336FC1-A766-41FF-8F15-BCCB39843B90}.Release|Any CPU.ActiveCfg = Release|Any CPU
		{EE336FC1-A766-41FF-8F15-BCCB39843B90}.Release|Any CPU.Build.0 = Release|Any CPU
		{DA3329C3-955A-474B-9EAA-E1B33DA00A9E}.Debug|Any CPU.ActiveCfg = Debug|Any CPU
		{DA3329C3-955A-474B-9EAA-E1B33DA00A9E}.Debug|Any CPU.Build.0 = Debug|Any CPU
		{DA3329C3-955A-474B-9EAA-E1B33DA00A9E}.Release|Any CPU.ActiveCfg = Release|Any CPU
		{DA3329C3-955A-474B-9EAA-E1B33DA00A9E}.Release|Any CPU.Build.0 = Release|Any CPU
		{C75BB39B-7433-43A2-990F-E034DC1565FD}.Debug|Any CPU.ActiveCfg = Debug|Any CPU
		{C75BB39B-7433-43A2-990F-E034DC1565FD}.Debug|Any CPU.Build.0 = Debug|Any CPU
		{C75BB39B-7433-43A2-990F-E034DC1565FD}.Release|Any CPU.ActiveCfg = Release|Any CPU
		{C75BB39B-7433-43A2-990F-E034DC1565FD}.Release|Any CPU.Build.0 = Release|Any CPU
	EndGlobalSection
	GlobalSection(SolutionProperties) = preSolution
		HideSolutionNode = FALSE
	EndGlobalSection
	GlobalSection(ExtensibilityGlobals) = postSolution
		SolutionGuid = {21F3AF45-BEA8-4FB6-A3F4-E5DAF2E381F0}
	EndGlobalSection
EndGlobal
